github.com/posipaka-trade/posipaka-trade-cmn v0.0.0-20210722200120-aef19dd94a23 h1:9X19osT0Q79Ai1m21atBiOlE2dmDnGQJQoD9xbosoFI=
github.com/posipaka-trade/posipaka-trade-cmn v0.0.0-20210722200120-aef19dd94a23/go.mod h1:UMjcb/h6vL7Bi2+64e8ndsN2wsFVl1TwPkVJ2mXcYcM=
github.com/posipaka-trade/posipaka-trade-cmn v0.0.0-20210723133459-111ab3623a48 h1:2YA4sbrJ0igYqiY0HrgHut0g17yRmMzQhsOkivCEYfo=
github.com/posipaka-trade/posipaka-trade-cmn v0.0.0-20210723133459-111ab3623a48/go.mod h1:UMjcb/h6vL7Bi2+64e8ndsN2wsFVl1TwPkVJ2mXcYcM=
github.com/posipaka-trade/posipaka-trade-cmn v0.0.0-20210724082626-90eee1256676 h1:iXPKcKe3n3IBAfnJ5YWYB+qqCtwXO4diYUjNTitmiko=
github.com/posipaka-trade/posipaka-trade-cmn v0.0.0-20210724082626-90eee1256676/go.mod h1:MtyBzOkj2aI7S3EX+8RGGYDDxtrtyFPETA6uOqwZFFM=
