github.com/posipaka-trade/posipaka-trade-cmn v0.0.0-20210715130107-c0b89c525bce h1:y3+UQBMQAXZwWaFZCD3nxOi2qVAv37R/VJtJj5fYhLY=
github.com/posipaka-trade/posipaka-trade-cmn v0.0.0-20210715130107-c0b89c525bce/go.mod h1:MtyBzOkj2aI7S3EX+8RGGYDDxtrtyFPETA6uOqwZFFM=
github.com/posipaka-trade/posipaka-trade-cmn v0.0.0-20210720082144-e33624ee0376 h1:U8fRZrmqHnv81/1eIyqeq/ZzQnaZN8gNOc6i8/1Jf/I=
github.com/posipaka-trade/posipaka-trade-cmn v0.0.0-20210720082144-e33624ee0376/go.mod h1:UMjcb/h6vL7Bi2+64e8ndsN2wsFVl1TwPkVJ2mXcYcM=
